
Microsoft Visual Studio Solution File, Format Version 12.00
# Visual Studio Version 16
VisualStudioVersion = 16.0.30907.101
MinimumVisualStudioVersion = 10.0.40219.1
Project("{9A19103F-16F7-4668-BE54-9A1E7A4F7556}") = "Auto_OC_Email_Core", "Auto_OC_Email_Core\Auto_OC_Email_Core.csproj", "{0188AB88-DCB3-4E74-B52F-9FBF0D3620F2}"
EndProject
Global
	GlobalSection(SolutionConfigurationPlatforms) = preSolution
		Debug|Any CPU = Debug|Any CPU
		Debug|x64 = Debug|x64
		Release|Any CPU = Release|Any CPU
		Release|x64 = Release|x64
	EndGlobalSection
	GlobalSection(ProjectConfigurationPlatforms) = postSolution
		{0188AB88-DCB3-4E74-B52F-9FBF0D3620F2}.Debug|Any CPU.ActiveCfg = Debug|Any CPU
		{0188AB88-DCB3-4E74-B52F-9FBF0D3620F2}.Debug|Any CPU.Build.0 = Debug|Any CPU
		{0188AB88-DCB3-4E74-B52F-9FBF0D3620F2}.Debug|x64.ActiveCfg = Debug|Any CPU
		{0188AB88-DCB3-4E74-B52F-9FBF0D3620F2}.Debug|x64.Build.0 = Debug|Any CPU
		{0188AB88-DCB3-4E74-B52F-9FBF0D3620F2}.Release|Any CPU.ActiveCfg = Release|Any CPU
		{0188AB88-DCB3-4E74-B52F-9FBF0D3620F2}.Release|Any CPU.Build.0 = Release|Any CPU
		{0188AB88-DCB3-4E74-B52F-9FBF0D3620F2}.Release|x64.ActiveCfg = Release|Any CPU
		{0188AB88-DCB3-4E74-B52F-9FBF0D3620F2}.Release|x64.Build.0 = Release|Any CPU
	EndGlobalSection
	GlobalSection(SolutionProperties) = preSolution
		HideSolutionNode = FALSE
	EndGlobalSection
	GlobalSection(ExtensibilityGlobals) = postSolution
		SolutionGuid = {B3267B4D-2909-4F76-83B4-A38DDDC10161}
	EndGlobalSection
EndGlobal
